
Microsoft Visual Studio Solution File, Format Version 12.00
# Visual Studio Version 16
VisualStudioVersion = 16.0.29920.165
MinimumVisualStudioVersion = 10.0.40219.1
Project("{FAE04EC0-301F-11D3-BF4B-00C04F79EFBC}") = "LevelTweaks", "LevelTweaks\LevelTweaks.csproj", "{5DEA348E-E150-4FB2-A2B6-DDFAD0369889}"
EndProject
Global
	GlobalSection(SolutionConfigurationPlatforms) = preSolution
		Debug|Any CPU = Debug|Any CPU
		Release|Any CPU = Release|Any CPU
	EndGlobalSection
	GlobalSection(ProjectConfigurationPlatforms) = postSolution
		{5DEA348E-E150-4FB2-A2B6-DDFAD0369889}.Debug|Any CPU.ActiveCfg = Debug|Any CPU
		{5DEA348E-E150-4FB2-A2B6-DDFAD0369889}.Debug|Any CPU.Build.0 = Debug|Any CPU
		{5DEA348E-E150-4FB2-A2B6-DDFAD0369889}.Release|Any CPU.ActiveCfg = Release|Any CPU
		{5DEA348E-E150-4FB2-A2B6-DDFAD0369889}.Release|Any CPU.Build.0 = Release|Any CPU
	EndGlobalSection
	GlobalSection(SolutionProperties) = preSolution
		HideSolutionNode = FALSE
	EndGlobalSection
	GlobalSection(ExtensibilityGlobals) = postSolution
		SolutionGuid = {3A5ABFE5-754A-4DB8-8EED-55C35931BDD1}
	EndGlobalSection
EndGlobal
